// !$*UTF8*$!
{
	archiveVersion = 1;
	classes = {
	};
	objectVersion = 50;
	objects = {

/* Begin PBXBuildFile section */
		4DA74A9EB10BBFB012FCEC40 /* Pods_TheMovieDB.framework in Frameworks */ = {isa = PBXBuildFile; fileRef = 7DE8F8483EAE8432B5CA7A2E /* Pods_TheMovieDB.framework */; };
		E143B8182201C87A00AC2F3C /* MovieDetailsViewController.swift in Sources */ = {isa = PBXBuildFile; fileRef = E143B8172201C87A00AC2F3C /* MovieDetailsViewController.swift */; };
		E162CABA2200776E000E39C2 /* MoviesListProps.swift in Sources */ = {isa = PBXBuildFile; fileRef = E162CAB92200776E000E39C2 /* MoviesListProps.swift */; };
		E162CABC2200782B000E39C2 /* Command.swift in Sources */ = {isa = PBXBuildFile; fileRef = E162CABB2200782B000E39C2 /* Command.swift */; };
		E162CABE220081EA000E39C2 /* MoviesListViewController.swift in Sources */ = {isa = PBXBuildFile; fileRef = E162CABD220081EA000E39C2 /* MoviesListViewController.swift */; };
		E162CAC022008C9F000E39C2 /* MovieTableViewCell.swift in Sources */ = {isa = PBXBuildFile; fileRef = E162CABF22008C9F000E39C2 /* MovieTableViewCell.swift */; };
		E196D98E2200558A00FDF834 /* Assets.xcassets in Resources */ = {isa = PBXBuildFile; fileRef = E196D98D2200558A00FDF834 /* Assets.xcassets */; };
		E196D992220055FA00FDF834 /* Search.storyboard in Resources */ = {isa = PBXBuildFile; fileRef = E196D991220055FA00FDF834 /* Search.storyboard */; };
		E196D9942200560800FDF834 /* MoviesList.storyboard in Resources */ = {isa = PBXBuildFile; fileRef = E196D9932200560800FDF834 /* MoviesList.storyboard */; };
		E196D998220058E100FDF834 /* MainScreen.storyboard in Resources */ = {isa = PBXBuildFile; fileRef = E196D997220058E100FDF834 /* MainScreen.storyboard */; };
		E1BFE3552201C82F00A72FC4 /* MovieDetails.storyboard in Resources */ = {isa = PBXBuildFile; fileRef = E1BFE3542201C82F00A72FC4 /* MovieDetails.storyboard */; };
		E1CFFE9A2200543E00D90739 /* AppDelegate.swift in Sources */ = {isa = PBXBuildFile; fileRef = E1CFFE992200543E00D90739 /* AppDelegate.swift */; };
		E1CFFEA42200543F00D90739 /* LaunchScreen.storyboard in Resources */ = {isa = PBXBuildFile; fileRef = E1CFFEA22200543F00D90739 /* LaunchScreen.storyboard */; };
		E1CFFEAF2200543F00D90739 /* TheMovieDBTests.swift in Sources */ = {isa = PBXBuildFile; fileRef = E1CFFEAE2200543F00D90739 /* TheMovieDBTests.swift */; };
		E1D0D3842201F07700AF1C50 /* MovieDetailsProps.swift in Sources */ = {isa = PBXBuildFile; fileRef = E1D0D3832201F07700AF1C50 /* MovieDetailsProps.swift */; };
		E1D0D3862201F10900AF1C50 /* Date.swift in Sources */ = {isa = PBXBuildFile; fileRef = E1D0D3852201F10900AF1C50 /* Date.swift */; };
		E1D0D3892201FD6200AF1C50 /* MovieCellProps.swift in Sources */ = {isa = PBXBuildFile; fileRef = E1D0D3882201FD6200AF1C50 /* MovieCellProps.swift */; };
		E1F695162202F11A003A8255 /* PopularMoviesViewController.swift in Sources */ = {isa = PBXBuildFile; fileRef = E1F695152202F11A003A8255 /* PopularMoviesViewController.swift */; };
		E1F695192202F13A003A8255 /* PopularMoviesProps.swift in Sources */ = {isa = PBXBuildFile; fileRef = E1F695182202F13A003A8255 /* PopularMoviesProps.swift */; };
		E1F6951B2202F269003A8255 /* PopularMovies.storyboard in Resources */ = {isa = PBXBuildFile; fileRef = E1F6951A2202F269003A8255 /* PopularMovies.storyboard */; };
		FE0DE2F1CF1E369990497B7C /* Pods_TheMovieDBTests.framework in Frameworks */ = {isa = PBXBuildFile; fileRef = CF48A8E954C042C2E7E43DAB /* Pods_TheMovieDBTests.framework */; };
/* End PBXBuildFile section */

/* Begin PBXContainerItemProxy section */
		E1CFFEAB2200543F00D90739 /* PBXContainerItemProxy */ = {
			isa = PBXContainerItemProxy;
			containerPortal = E1CFFE8E2200543E00D90739 /* Project object */;
			proxyType = 1;
			remoteGlobalIDString = E1CFFE952200543E00D90739;
			remoteInfo = TheMovieDB;
		};
/* End PBXContainerItemProxy section */

/* Begin PBXFileReference section */
		00640010686E648FCB278B84 /* Pods-TheMovieDB.debug.xcconfig */ = {isa = PBXFileReference; includeInIndex = 1; lastKnownFileType = text.xcconfig; name = "Pods-TheMovieDB.debug.xcconfig"; path = "Target Support Files/Pods-TheMovieDB/Pods-TheMovieDB.debug.xcconfig"; sourceTree = "<group>"; };
		6576D866934AC11B683FA705 /* Pods-TheMovieDBTests.release.xcconfig */ = {isa = PBXFileReference; includeInIndex = 1; lastKnownFileType = text.xcconfig; name = "Pods-TheMovieDBTests.release.xcconfig"; path = "Target Support Files/Pods-TheMovieDBTests/Pods-TheMovieDBTests.release.xcconfig"; sourceTree = "<group>"; };
		7DE8F8483EAE8432B5CA7A2E /* Pods_TheMovieDB.framework */ = {isa = PBXFileReference; explicitFileType = wrapper.framework; includeInIndex = 0; path = Pods_TheMovieDB.framework; sourceTree = BUILT_PRODUCTS_DIR; };
		B03F3F0F40851C9120D437A3 /* Pods-TheMovieDBTests.debug.xcconfig */ = {isa = PBXFileReference; includeInIndex = 1; lastKnownFileType = text.xcconfig; name = "Pods-TheMovieDBTests.debug.xcconfig"; path = "Target Support Files/Pods-TheMovieDBTests/Pods-TheMovieDBTests.debug.xcconfig"; sourceTree = "<group>"; };
		CF48A8E954C042C2E7E43DAB /* Pods_TheMovieDBTests.framework */ = {isa = PBXFileReference; explicitFileType = wrapper.framework; includeInIndex = 0; path = Pods_TheMovieDBTests.framework; sourceTree = BUILT_PRODUCTS_DIR; };
		E143B8172201C87A00AC2F3C /* MovieDetailsViewController.swift */ = {isa = PBXFileReference; lastKnownFileType = sourcecode.swift; path = MovieDetailsViewController.swift; sourceTree = "<group>"; };
		E162CAB92200776E000E39C2 /* MoviesListProps.swift */ = {isa = PBXFileReference; lastKnownFileType = sourcecode.swift; path = MoviesListProps.swift; sourceTree = "<group>"; };
		E162CABB2200782B000E39C2 /* Command.swift */ = {isa = PBXFileReference; lastKnownFileType = sourcecode.swift; path = Command.swift; sourceTree = "<group>"; };
		E162CABD220081EA000E39C2 /* MoviesListViewController.swift */ = {isa = PBXFileReference; lastKnownFileType = sourcecode.swift; path = MoviesListViewController.swift; sourceTree = "<group>"; };
		E162CABF22008C9F000E39C2 /* MovieTableViewCell.swift */ = {isa = PBXFileReference; lastKnownFileType = sourcecode.swift; path = MovieTableViewCell.swift; sourceTree = "<group>"; };
		E196D98D2200558A00FDF834 /* Assets.xcassets */ = {isa = PBXFileReference; lastKnownFileType = folder.assetcatalog; path = Assets.xcassets; sourceTree = "<group>"; };
		E196D991220055FA00FDF834 /* Search.storyboard */ = {isa = PBXFileReference; lastKnownFileType = file.storyboard; path = Search.storyboard; sourceTree = "<group>"; };
		E196D9932200560800FDF834 /* MoviesList.storyboard */ = {isa = PBXFileReference; lastKnownFileType = file.storyboard; path = MoviesList.storyboard; sourceTree = "<group>"; };
		E196D997220058E100FDF834 /* MainScreen.storyboard */ = {isa = PBXFileReference; lastKnownFileType = file.storyboard; path = MainScreen.storyboard; sourceTree = "<group>"; };
		E1BFE3542201C82F00A72FC4 /* MovieDetails.storyboard */ = {isa = PBXFileReference; lastKnownFileType = file.storyboard; path = MovieDetails.storyboard; sourceTree = "<group>"; };
		E1CFFE962200543E00D90739 /* TheMovieDB.app */ = {isa = PBXFileReference; explicitFileType = wrapper.application; includeInIndex = 0; path = TheMovieDB.app; sourceTree = BUILT_PRODUCTS_DIR; };
		E1CFFE992200543E00D90739 /* AppDelegate.swift */ = {isa = PBXFileReference; lastKnownFileType = sourcecode.swift; path = AppDelegate.swift; sourceTree = "<group>"; };
		E1CFFEA32200543F00D90739 /* Base */ = {isa = PBXFileReference; lastKnownFileType = file.storyboard; name = Base; path = Base.lproj/LaunchScreen.storyboard; sourceTree = "<group>"; };
		E1CFFEA52200543F00D90739 /* Info.plist */ = {isa = PBXFileReference; lastKnownFileType = text.plist.xml; path = Info.plist; sourceTree = "<group>"; };
		E1CFFEAA2200543F00D90739 /* TheMovieDBTests.xctest */ = {isa = PBXFileReference; explicitFileType = wrapper.cfbundle; includeInIndex = 0; path = TheMovieDBTests.xctest; sourceTree = BUILT_PRODUCTS_DIR; };
		E1CFFEAE2200543F00D90739 /* TheMovieDBTests.swift */ = {isa = PBXFileReference; lastKnownFileType = sourcecode.swift; path = TheMovieDBTests.swift; sourceTree = "<group>"; };
		E1CFFEB02200543F00D90739 /* Info.plist */ = {isa = PBXFileReference; lastKnownFileType = text.plist.xml; path = Info.plist; sourceTree = "<group>"; };
		E1D0D3832201F07700AF1C50 /* MovieDetailsProps.swift */ = {isa = PBXFileReference; lastKnownFileType = sourcecode.swift; path = MovieDetailsProps.swift; sourceTree = "<group>"; };
		E1D0D3852201F10900AF1C50 /* Date.swift */ = {isa = PBXFileReference; lastKnownFileType = sourcecode.swift; path = Date.swift; sourceTree = "<group>"; };
		E1D0D3882201FD6200AF1C50 /* MovieCellProps.swift */ = {isa = PBXFileReference; lastKnownFileType = sourcecode.swift; path = MovieCellProps.swift; sourceTree = "<group>"; };
		E1F695152202F11A003A8255 /* PopularMoviesViewController.swift */ = {isa = PBXFileReference; lastKnownFileType = sourcecode.swift; name = PopularMoviesViewController.swift; path = "/Users/maxim.bazarov/code/TheMovieDB-Unicore/PopularMoviesViewController.swift"; sourceTree = "<absolute>"; };
		E1F695182202F13A003A8255 /* PopularMoviesProps.swift */ = {isa = PBXFileReference; lastKnownFileType = sourcecode.swift; path = PopularMoviesProps.swift; sourceTree = "<group>"; };
		E1F6951A2202F269003A8255 /* PopularMovies.storyboard */ = {isa = PBXFileReference; lastKnownFileType = file.storyboard; path = PopularMovies.storyboard; sourceTree = "<group>"; };
		EE7CC297253D907E25DACF4E /* Pods-TheMovieDB.release.xcconfig */ = {isa = PBXFileReference; includeInIndex = 1; lastKnownFileType = text.xcconfig; name = "Pods-TheMovieDB.release.xcconfig"; path = "Target Support Files/Pods-TheMovieDB/Pods-TheMovieDB.release.xcconfig"; sourceTree = "<group>"; };
/* End PBXFileReference section */

/* Begin PBXFrameworksBuildPhase section */
		E1CFFE932200543E00D90739 /* Frameworks */ = {
			isa = PBXFrameworksBuildPhase;
			buildActionMask = 2147483647;
			files = (
				4DA74A9EB10BBFB012FCEC40 /* Pods_TheMovieDB.framework in Frameworks */,
			);
			runOnlyForDeploymentPostprocessing = 0;
		};
		E1CFFEA72200543F00D90739 /* Frameworks */ = {
			isa = PBXFrameworksBuildPhase;
			buildActionMask = 2147483647;
			files = (
				FE0DE2F1CF1E369990497B7C /* Pods_TheMovieDBTests.framework in Frameworks */,
			);
			runOnlyForDeploymentPostprocessing = 0;
		};
/* End PBXFrameworksBuildPhase section */

/* Begin PBXGroup section */
		62A806A604F85EFF6589064B /* Frameworks */ = {
			isa = PBXGroup;
			children = (
				7DE8F8483EAE8432B5CA7A2E /* Pods_TheMovieDB.framework */,
				CF48A8E954C042C2E7E43DAB /* Pods_TheMovieDBTests.framework */,
			);
			name = Frameworks;
			sourceTree = "<group>";
		};
		C52A5857564CF78870FABF63 /* Pods */ = {
			isa = PBXGroup;
			children = (
				00640010686E648FCB278B84 /* Pods-TheMovieDB.debug.xcconfig */,
				EE7CC297253D907E25DACF4E /* Pods-TheMovieDB.release.xcconfig */,
				B03F3F0F40851C9120D437A3 /* Pods-TheMovieDBTests.debug.xcconfig */,
				6576D866934AC11B683FA705 /* Pods-TheMovieDBTests.release.xcconfig */,
			);
			path = Pods;
			sourceTree = "<group>";
		};
		E196D98F220055B000FDF834 /* Movies List */ = {
			isa = PBXGroup;
			children = (
				E196D9932200560800FDF834 /* MoviesList.storyboard */,
				E162CAB92200776E000E39C2 /* MoviesListProps.swift */,
				E162CABD220081EA000E39C2 /* MoviesListViewController.swift */,
				E1D0D3872201FD4300AF1C50 /* Movie Cell */,
			);
			path = "Movies List";
			sourceTree = "<group>";
		};
		E196D990220055BB00FDF834 /* Search Screen */ = {
			isa = PBXGroup;
			children = (
				E196D991220055FA00FDF834 /* Search.storyboard */,
			);
			path = "Search Screen";
			sourceTree = "<group>";
		};
		E1CFFE8D2200543E00D90739 = {
			isa = PBXGroup;
			children = (
				E1CFFEB92200545700D90739 /* Main Screen */,
				E196D98F220055B000FDF834 /* Movies List */,
				E1D0D3822201F05300AF1C50 /* Movie Details */,
				E1F695172202F11E003A8255 /* Popular Movies */,
				E196D990220055BB00FDF834 /* Search Screen */,
				E1CFFE992200543E00D90739 /* AppDelegate.swift */,
				E162CABB2200782B000E39C2 /* Command.swift */,
				E1D0D3852201F10900AF1C50 /* Date.swift */,
				E1CFFE982200543E00D90739 /* Resources */,
				E1CFFEAD2200543F00D90739 /* Tests */,
				E1CFFE972200543E00D90739 /* Products */,
				C52A5857564CF78870FABF63 /* Pods */,
				62A806A604F85EFF6589064B /* Frameworks */,
			);
			sourceTree = "<group>";
		};
		E1CFFE972200543E00D90739 /* Products */ = {
			isa = PBXGroup;
			children = (
				E1CFFE962200543E00D90739 /* TheMovieDB.app */,
				E1CFFEAA2200543F00D90739 /* TheMovieDBTests.xctest */,
			);
			name = Products;
			sourceTree = "<group>";
		};
		E1CFFE982200543E00D90739 /* Resources */ = {
			isa = PBXGroup;
			children = (
				E196D98D2200558A00FDF834 /* Assets.xcassets */,
				E1CFFEA22200543F00D90739 /* LaunchScreen.storyboard */,
				E1CFFEA52200543F00D90739 /* Info.plist */,
			);
			path = Resources;
			sourceTree = "<group>";
		};
		E1CFFEAD2200543F00D90739 /* Tests */ = {
			isa = PBXGroup;
			children = (
				E1CFFEAE2200543F00D90739 /* TheMovieDBTests.swift */,
				E1CFFEB02200543F00D90739 /* Info.plist */,
			);
			path = Tests;
			sourceTree = "<group>";
		};
		E1CFFEB92200545700D90739 /* Main Screen */ = {
			isa = PBXGroup;
			children = (
				E196D997220058E100FDF834 /* MainScreen.storyboard */,
			);
			path = "Main Screen";
			sourceTree = "<group>";
		};
		E1D0D3822201F05300AF1C50 /* Movie Details */ = {
			isa = PBXGroup;
			children = (
				E143B8172201C87A00AC2F3C /* MovieDetailsViewController.swift */,
				E1D0D3832201F07700AF1C50 /* MovieDetailsProps.swift */,
				E1BFE3542201C82F00A72FC4 /* MovieDetails.storyboard */,
			);
			path = "Movie Details";
			sourceTree = "<group>";
		};
		E1D0D3872201FD4300AF1C50 /* Movie Cell */ = {
			isa = PBXGroup;
			children = (
				E162CABF22008C9F000E39C2 /* MovieTableViewCell.swift */,
				E1D0D3882201FD6200AF1C50 /* MovieCellProps.swift */,
			);
			path = "Movie Cell";
			sourceTree = "<group>";
		};
		E1F695172202F11E003A8255 /* Popular Movies */ = {
			isa = PBXGroup;
			children = (
				E1F695152202F11A003A8255 /* PopularMoviesViewController.swift */,
				E1F6951A2202F269003A8255 /* PopularMovies.storyboard */,
				E1F695182202F13A003A8255 /* PopularMoviesProps.swift */,
			);
			path = "Popular Movies";
			sourceTree = "<group>";
		};
/* End PBXGroup section */

/* Begin PBXNativeTarget section */
		E1CFFE952200543E00D90739 /* TheMovieDB */ = {
			isa = PBXNativeTarget;
			buildConfigurationList = E1CFFEB32200543F00D90739 /* Build configuration list for PBXNativeTarget "TheMovieDB" */;
			buildPhases = (
				E61F582F5313BA955713AD3F /* [CP] Check Pods Manifest.lock */,
				E1CFFE922200543E00D90739 /* Sources */,
				E1CFFE932200543E00D90739 /* Frameworks */,
				E1CFFE942200543E00D90739 /* Resources */,
				DED6BE3E951D5EABBFDE4C15 /* [CP] Embed Pods Frameworks */,
			);
			buildRules = (
			);
			dependencies = (
			);
			name = TheMovieDB;
			productName = TheMovieDB;
			productReference = E1CFFE962200543E00D90739 /* TheMovieDB.app */;
			productType = "com.apple.product-type.application";
		};
		E1CFFEA92200543F00D90739 /* TheMovieDBTests */ = {
			isa = PBXNativeTarget;
			buildConfigurationList = E1CFFEB62200543F00D90739 /* Build configuration list for PBXNativeTarget "TheMovieDBTests" */;
			buildPhases = (
				56E34362908C9273FC4F325B /* [CP] Check Pods Manifest.lock */,
				E1CFFEA62200543F00D90739 /* Sources */,
				E1CFFEA72200543F00D90739 /* Frameworks */,
				E1CFFEA82200543F00D90739 /* Resources */,
			);
			buildRules = (
			);
			dependencies = (
				E1CFFEAC2200543F00D90739 /* PBXTargetDependency */,
			);
			name = TheMovieDBTests;
			productName = TheMovieDBTests;
			productReference = E1CFFEAA2200543F00D90739 /* TheMovieDBTests.xctest */;
			productType = "com.apple.product-type.bundle.unit-test";
		};
/* End PBXNativeTarget section */

/* Begin PBXProject section */
		E1CFFE8E2200543E00D90739 /* Project object */ = {
			isa = PBXProject;
			attributes = {
				LastSwiftUpdateCheck = 1010;
				LastUpgradeCheck = 1010;
				ORGANIZATIONNAME = "Maxim Bazarov";
				TargetAttributes = {
					E1CFFE952200543E00D90739 = {
						CreatedOnToolsVersion = 10.1;
					};
					E1CFFEA92200543F00D90739 = {
						CreatedOnToolsVersion = 10.1;
						TestTargetID = E1CFFE952200543E00D90739;
					};
				};
			};
			buildConfigurationList = E1CFFE912200543E00D90739 /* Build configuration list for PBXProject "TheMovieDB" */;
			compatibilityVersion = "Xcode 9.3";
			developmentRegion = en;
			hasScannedForEncodings = 0;
			knownRegions = (
				en,
				Base,
			);
			mainGroup = E1CFFE8D2200543E00D90739;
			productRefGroup = E1CFFE972200543E00D90739 /* Products */;
			projectDirPath = "";
			projectRoot = "";
			targets = (
				E1CFFE952200543E00D90739 /* TheMovieDB */,
				E1CFFEA92200543F00D90739 /* TheMovieDBTests */,
			);
		};
/* End PBXProject section */

/* Begin PBXResourcesBuildPhase section */
		E1CFFE942200543E00D90739 /* Resources */ = {
			isa = PBXResourcesBuildPhase;
			buildActionMask = 2147483647;
			files = (
				E1CFFEA42200543F00D90739 /* LaunchScreen.storyboard in Resources */,
				E196D998220058E100FDF834 /* MainScreen.storyboard in Resources */,
				E1BFE3552201C82F00A72FC4 /* MovieDetails.storyboard in Resources */,
				E196D98E2200558A00FDF834 /* Assets.xcassets in Resources */,
				E1F6951B2202F269003A8255 /* PopularMovies.storyboard in Resources */,
				E196D992220055FA00FDF834 /* Search.storyboard in Resources */,
				E196D9942200560800FDF834 /* MoviesList.storyboard in Resources */,
			);
			runOnlyForDeploymentPostprocessing = 0;
		};
		E1CFFEA82200543F00D90739 /* Resources */ = {
			isa = PBXResourcesBuildPhase;
			buildActionMask = 2147483647;
			files = (
			);
			runOnlyForDeploymentPostprocessing = 0;
		};
/* End PBXResourcesBuildPhase section */

/* Begin PBXShellScriptBuildPhase section */
		56E34362908C9273FC4F325B /* [CP] Check Pods Manifest.lock */ = {
			isa = PBXShellScriptBuildPhase;
			buildActionMask = 2147483647;
			files = (
			);
			inputFileListPaths = (
			);
			inputPaths = (
				"${PODS_PODFILE_DIR_PATH}/Podfile.lock",
				"${PODS_ROOT}/Manifest.lock",
			);
			name = "[CP] Check Pods Manifest.lock";
			outputFileListPaths = (
			);
			outputPaths = (
				"$(DERIVED_FILE_DIR)/Pods-TheMovieDBTests-checkManifestLockResult.txt",
			);
			runOnlyForDeploymentPostprocessing = 0;
			shellPath = /bin/sh;
			shellScript = "diff \"${PODS_PODFILE_DIR_PATH}/Podfile.lock\" \"${PODS_ROOT}/Manifest.lock\" > /dev/null\nif [ $? != 0 ] ; then\n    # print error to STDERR\n    echo \"error: The sandbox is not in sync with the Podfile.lock. Run 'pod install' or update your CocoaPods installation.\" >&2\n    exit 1\nfi\n# This output is used by Xcode 'outputs' to avoid re-running this script phase.\necho \"SUCCESS\" > \"${SCRIPT_OUTPUT_FILE_0}\"\n";
			showEnvVarsInLog = 0;
		};
		DED6BE3E951D5EABBFDE4C15 /* [CP] Embed Pods Frameworks */ = {
			isa = PBXShellScriptBuildPhase;
			buildActionMask = 2147483647;
			files = (
			);
			inputFileListPaths = (
			);
			inputPaths = (
				"${PODS_ROOT}/Target Support Files/Pods-TheMovieDB/Pods-TheMovieDB-frameworks.sh",
				"${BUILT_PRODUCTS_DIR}/Nuke/Nuke.framework",
			);
			name = "[CP] Embed Pods Frameworks";
			outputFileListPaths = (
			);
			outputPaths = (
				"${TARGET_BUILD_DIR}/${FRAMEWORKS_FOLDER_PATH}/Nuke.framework",
			);
			runOnlyForDeploymentPostprocessing = 0;
			shellPath = /bin/sh;
			shellScript = "\"${PODS_ROOT}/Target Support Files/Pods-TheMovieDB/Pods-TheMovieDB-frameworks.sh\"\n";
			showEnvVarsInLog = 0;
		};
		E61F582F5313BA955713AD3F /* [CP] Check Pods Manifest.lock */ = {
			isa = PBXShellScriptBuildPhase;
			buildActionMask = 2147483647;
			files = (
			);
			inputFileListPaths = (
			);
			inputPaths = (
				"${PODS_PODFILE_DIR_PATH}/Podfile.lock",
				"${PODS_ROOT}/Manifest.lock",
			);
			name = "[CP] Check Pods Manifest.lock";
			outputFileListPaths = (
			);
			outputPaths = (
				"$(DERIVED_FILE_DIR)/Pods-TheMovieDB-checkManifestLockResult.txt",
			);
			runOnlyForDeploymentPostprocessing = 0;
			shellPath = /bin/sh;
			shellScript = "diff \"${PODS_PODFILE_DIR_PATH}/Podfile.lock\" \"${PODS_ROOT}/Manifest.lock\" > /dev/null\nif [ $? != 0 ] ; then\n    # print error to STDERR\n    echo \"error: The sandbox is not in sync with the Podfile.lock. Run 'pod install' or update your CocoaPods installation.\" >&2\n    exit 1\nfi\n# This output is used by Xcode 'outputs' to avoid re-running this script phase.\necho \"SUCCESS\" > \"${SCRIPT_OUTPUT_FILE_0}\"\n";
			showEnvVarsInLog = 0;
		};
/* End PBXShellScriptBuildPhase section */

/* Begin PBXSourcesBuildPhase section */
		E1CFFE922200543E00D90739 /* Sources */ = {
			isa = PBXSourcesBuildPhase;
			buildActionMask = 2147483647;
			files = (
				E162CAC022008C9F000E39C2 /* MovieTableViewCell.swift in Sources */,
				E1CFFE9A2200543E00D90739 /* AppDelegate.swift in Sources */,
				E1F695192202F13A003A8255 /* PopularMoviesProps.swift in Sources */,
				E143B8182201C87A00AC2F3C /* MovieDetailsViewController.swift in Sources */,
				E1D0D3842201F07700AF1C50 /* MovieDetailsProps.swift in Sources */,
				E162CABA2200776E000E39C2 /* MoviesListProps.swift in Sources */,
				E162CABC2200782B000E39C2 /* Command.swift in Sources */,
				E1D0D3892201FD6200AF1C50 /* MovieCellProps.swift in Sources */,
				E1D0D3862201F10900AF1C50 /* Date.swift in Sources */,
				E162CABE220081EA000E39C2 /* MoviesListViewController.swift in Sources */,
				E1F695162202F11A003A8255 /* PopularMoviesViewController.swift in Sources */,
			);
			runOnlyForDeploymentPostprocessing = 0;
		};
		E1CFFEA62200543F00D90739 /* Sources */ = {
			isa = PBXSourcesBuildPhase;
			buildActionMask = 2147483647;
			files = (
				E1CFFEAF2200543F00D90739 /* TheMovieDBTests.swift in Sources */,
			);
			runOnlyForDeploymentPostprocessing = 0;
		};
/* End PBXSourcesBuildPhase section */

/* Begin PBXTargetDependency section */
		E1CFFEAC2200543F00D90739 /* PBXTargetDependency */ = {
			isa = PBXTargetDependency;
			target = E1CFFE952200543E00D90739 /* TheMovieDB */;
			targetProxy = E1CFFEAB2200543F00D90739 /* PBXContainerItemProxy */;
		};
/* End PBXTargetDependency section */

/* Begin PBXVariantGroup section */
		E1CFFEA22200543F00D90739 /* LaunchScreen.storyboard */ = {
			isa = PBXVariantGroup;
			children = (
				E1CFFEA32200543F00D90739 /* Base */,
			);
			name = LaunchScreen.storyboard;
			sourceTree = "<group>";
		};
/* End PBXVariantGroup section */

/* Begin XCBuildConfiguration section */
		E1CFFEB12200543F00D90739 /* Debug */ = {
			isa = XCBuildConfiguration;
			buildSettings = {
				ALWAYS_SEARCH_USER_PATHS = NO;
				CLANG_ANALYZER_NONNULL = YES;
				CLANG_ANALYZER_NUMBER_OBJECT_CONVERSION = YES_AGGRESSIVE;
				CLANG_CXX_LANGUAGE_STANDARD = "gnu++14";
				CLANG_CXX_LIBRARY = "libc++";
				CLANG_ENABLE_MODULES = YES;
				CLANG_ENABLE_OBJC_ARC = YES;
				CLANG_ENABLE_OBJC_WEAK = YES;
				CLANG_WARN_BLOCK_CAPTURE_AUTORELEASING = YES;
				CLANG_WARN_BOOL_CONVERSION = YES;
				CLANG_WARN_COMMA = YES;
				CLANG_WARN_CONSTANT_CONVERSION = YES;
				CLANG_WARN_DEPRECATED_OBJC_IMPLEMENTATIONS = YES;
				CLANG_WARN_DIRECT_OBJC_ISA_USAGE = YES_ERROR;
				CLANG_WARN_DOCUMENTATION_COMMENTS = YES;
				CLANG_WARN_EMPTY_BODY = YES;
				CLANG_WARN_ENUM_CONVERSION = YES;
				CLANG_WARN_INFINITE_RECURSION = YES;
				CLANG_WARN_INT_CONVERSION = YES;
				CLANG_WARN_NON_LITERAL_NULL_CONVERSION = YES;
				CLANG_WARN_OBJC_IMPLICIT_RETAIN_SELF = YES;
				CLANG_WARN_OBJC_LITERAL_CONVERSION = YES;
				CLANG_WARN_OBJC_ROOT_CLASS = YES_ERROR;
				CLANG_WARN_RANGE_LOOP_ANALYSIS = YES;
				CLANG_WARN_STRICT_PROTOTYPES = YES;
				CLANG_WARN_SUSPICIOUS_MOVE = YES;
				CLANG_WARN_UNGUARDED_AVAILABILITY = YES_AGGRESSIVE;
				CLANG_WARN_UNREACHABLE_CODE = YES;
				CLANG_WARN__DUPLICATE_METHOD_MATCH = YES;
				CODE_SIGN_IDENTITY = "iPhone Developer";
				COPY_PHASE_STRIP = NO;
				DEBUG_INFORMATION_FORMAT = dwarf;
				ENABLE_STRICT_OBJC_MSGSEND = YES;
				ENABLE_TESTABILITY = YES;
				GCC_C_LANGUAGE_STANDARD = gnu11;
				GCC_DYNAMIC_NO_PIC = NO;
				GCC_NO_COMMON_BLOCKS = YES;
				GCC_OPTIMIZATION_LEVEL = 0;
				GCC_PREPROCESSOR_DEFINITIONS = (
					"DEBUG=1",
					"$(inherited)",
				);
				GCC_WARN_64_TO_32_BIT_CONVERSION = YES;
				GCC_WARN_ABOUT_RETURN_TYPE = YES_ERROR;
				GCC_WARN_UNDECLARED_SELECTOR = YES;
				GCC_WARN_UNINITIALIZED_AUTOS = YES_AGGRESSIVE;
				GCC_WARN_UNUSED_FUNCTION = YES;
				GCC_WARN_UNUSED_VARIABLE = YES;
				IPHONEOS_DEPLOYMENT_TARGET = 12.1;
				MTL_ENABLE_DEBUG_INFO = INCLUDE_SOURCE;
				MTL_FAST_MATH = YES;
				ONLY_ACTIVE_ARCH = YES;
				SDKROOT = iphoneos;
				SWIFT_ACTIVE_COMPILATION_CONDITIONS = DEBUG;
				SWIFT_OPTIMIZATION_LEVEL = "-Onone";
			};
			name = Debug;
		};
		E1CFFEB22200543F00D90739 /* Release */ = {
			isa = XCBuildConfiguration;
			buildSettings = {
				ALWAYS_SEARCH_USER_PATHS = NO;
				CLANG_ANALYZER_NONNULL = YES;
				CLANG_ANALYZER_NUMBER_OBJECT_CONVERSION = YES_AGGRESSIVE;
				CLANG_CXX_LANGUAGE_STANDARD = "gnu++14";
				CLANG_CXX_LIBRARY = "libc++";
				CLANG_ENABLE_MODULES = YES;
				CLANG_ENABLE_OBJC_ARC = YES;
				CLANG_ENABLE_OBJC_WEAK = YES;
				CLANG_WARN_BLOCK_CAPTURE_AUTORELEASING = YES;
				CLANG_WARN_BOOL_CONVERSION = YES;
				CLANG_WARN_COMMA = YES;
				CLANG_WARN_CONSTANT_CONVERSION = YES;
				CLANG_WARN_DEPRECATED_OBJC_IMPLEMENTATIONS = YES;
				CLANG_WARN_DIRECT_OBJC_ISA_USAGE = YES_ERROR;
				CLANG_WARN_DOCUMENTATION_COMMENTS = YES;
				CLANG_WARN_EMPTY_BODY = YES;
				CLANG_WARN_ENUM_CONVERSION = YES;
				CLANG_WARN_INFINITE_RECURSION = YES;
				CLANG_WARN_INT_CONVERSION = YES;
				CLANG_WARN_NON_LITERAL_NULL_CONVERSION = YES;
				CLANG_WARN_OBJC_IMPLICIT_RETAIN_SELF = YES;
				CLANG_WARN_OBJC_LITERAL_CONVERSION = YES;
				CLANG_WARN_OBJC_ROOT_CLASS = YES_ERROR;
				CLANG_WARN_RANGE_LOOP_ANALYSIS = YES;
				CLANG_WARN_STRICT_PROTOTYPES = YES;
				CLANG_WARN_SUSPICIOUS_MOVE = YES;
				CLANG_WARN_UNGUARDED_AVAILABILITY = YES_AGGRESSIVE;
				CLANG_WARN_UNREACHABLE_CODE = YES;
				CLANG_WARN__DUPLICATE_METHOD_MATCH = YES;
				CODE_SIGN_IDENTITY = "iPhone Developer";
				COPY_PHASE_STRIP = NO;
				DEBUG_INFORMATION_FORMAT = "dwarf-with-dsym";
				ENABLE_NS_ASSERTIONS = NO;
				ENABLE_STRICT_OBJC_MSGSEND = YES;
				GCC_C_LANGUAGE_STANDARD = gnu11;
				GCC_NO_COMMON_BLOCKS = YES;
				GCC_WARN_64_TO_32_BIT_CONVERSION = YES;
				GCC_WARN_ABOUT_RETURN_TYPE = YES_ERROR;
				GCC_WARN_UNDECLARED_SELECTOR = YES;
				GCC_WARN_UNINITIALIZED_AUTOS = YES_AGGRESSIVE;
				GCC_WARN_UNUSED_FUNCTION = YES;
				GCC_WARN_UNUSED_VARIABLE = YES;
				IPHONEOS_DEPLOYMENT_TARGET = 12.1;
				MTL_ENABLE_DEBUG_INFO = NO;
				MTL_FAST_MATH = YES;
				SDKROOT = iphoneos;
				SWIFT_COMPILATION_MODE = wholemodule;
				SWIFT_OPTIMIZATION_LEVEL = "-O";
				VALIDATE_PRODUCT = YES;
			};
			name = Release;
		};
		E1CFFEB42200543F00D90739 /* Debug */ = {
			isa = XCBuildConfiguration;
			baseConfigurationReference = 00640010686E648FCB278B84 /* Pods-TheMovieDB.debug.xcconfig */;
			buildSettings = {
				ASSETCATALOG_COMPILER_APPICON_NAME = AppIcon;
				CODE_SIGN_STYLE = Automatic;
				DEVELOPMENT_TEAM = 56HYA6K5R8;
				INFOPLIST_FILE = "$(SRCROOT)/Resources/Info.plist";
				LD_RUNPATH_SEARCH_PATHS = (
					"$(inherited)",
					"@executable_path/Frameworks",
				);
				PRODUCT_BUNDLE_IDENTIFIER = mks.im.TheMovieDB;
				PRODUCT_NAME = "$(TARGET_NAME)";
				SWIFT_VERSION = 4.2;
				TARGETED_DEVICE_FAMILY = "1,2";
			};
			name = Debug;
		};
		E1CFFEB52200543F00D90739 /* Release */ = {
			isa = XCBuildConfiguration;
			baseConfigurationReference = EE7CC297253D907E25DACF4E /* Pods-TheMovieDB.release.xcconfig */;
			buildSettings = {
				ASSETCATALOG_COMPILER_APPICON_NAME = AppIcon;
				CODE_SIGN_STYLE = Automatic;
				DEVELOPMENT_TEAM = 56HYA6K5R8;
				INFOPLIST_FILE = "$(SRCROOT)/Resources/Info.plist";
				LD_RUNPATH_SEARCH_PATHS = (
					"$(inherited)",
					"@executable_path/Frameworks",
				);
				PRODUCT_BUNDLE_IDENTIFIER = mks.im.TheMovieDB;
				PRODUCT_NAME = "$(TARGET_NAME)";
				SWIFT_VERSION = 4.2;
				TARGETED_DEVICE_FAMILY = "1,2";
			};
			name = Release;
		};
		E1CFFEB72200543F00D90739 /* Debug */ = {
			isa = XCBuildConfiguration;
			baseConfigurationReference = B03F3F0F40851C9120D437A3 /* Pods-TheMovieDBTests.debug.xcconfig */;
			buildSettings = {
				ALWAYS_EMBED_SWIFT_STANDARD_LIBRARIES = YES;
				BUNDLE_LOADER = "$(TEST_HOST)";
				CODE_SIGN_STYLE = Automatic;
				DEVELOPMENT_TEAM = 56HYA6K5R8;
				INFOPLIST_FILE = Tests/Info.plist;
				LD_RUNPATH_SEARCH_PATHS = (
					"$(inherited)",
					"@executable_path/Frameworks",
					"@loader_path/Frameworks",
				);
				PRODUCT_BUNDLE_IDENTIFIER = mks.im.TheMovieDBTests;
				PRODUCT_NAME = "$(TARGET_NAME)";
				SWIFT_VERSION = 4.2;
				TARGETED_DEVICE_FAMILY = "1,2";
				TEST_HOST = "$(BUILT_PRODUCTS_DIR)/TheMovieDB.app/TheMovieDB";
			};
			name = Debug;
		};
		E1CFFEB82200543F00D90739 /* Release */ = {
			isa = XCBuildConfiguration;
			baseConfigurationReference = 6576D866934AC11B683FA705 /* Pods-TheMovieDBTests.release.xcconfig */;
			buildSettings = {
				ALWAYS_EMBED_SWIFT_STANDARD_LIBRARIES = YES;
				BUNDLE_LOADER = "$(TEST_HOST)";
				CODE_SIGN_STYLE = Automatic;
				DEVELOPMENT_TEAM = 56HYA6K5R8;
				INFOPLIST_FILE = Tests/Info.plist;
				LD_RUNPATH_SEARCH_PATHS = (
					"$(inherited)",
					"@executable_path/Frameworks",
					"@loader_path/Frameworks",
				);
				PRODUCT_BUNDLE_IDENTIFIER = mks.im.TheMovieDBTests;
				PRODUCT_NAME = "$(TARGET_NAME)";
				SWIFT_VERSION = 4.2;
				TARGETED_DEVICE_FAMILY = "1,2";
				TEST_HOST = "$(BUILT_PRODUCTS_DIR)/TheMovieDB.app/TheMovieDB";
			};
			name = Release;
		};
/* End XCBuildConfiguration section */

/* Begin XCConfigurationList section */
		E1CFFE912200543E00D90739 /* Build configuration list for PBXProject "TheMovieDB" */ = {
			isa = XCConfigurationList;
			buildConfigurations = (
				E1CFFEB12200543F00D90739 /* Debug */,
				E1CFFEB22200543F00D90739 /* Release */,
			);
			defaultConfigurationIsVisible = 0;
			defaultConfigurationName = Release;
		};
		E1CFFEB32200543F00D90739 /* Build configuration list for PBXNativeTarget "TheMovieDB" */ = {
			isa = XCConfigurationList;
			buildConfigurations = (
				E1CFFEB42200543F00D90739 /* Debug */,
				E1CFFEB52200543F00D90739 /* Release */,
			);
			defaultConfigurationIsVisible = 0;
			defaultConfigurationName = Release;
		};
		E1CFFEB62200543F00D90739 /* Build configuration list for PBXNativeTarget "TheMovieDBTests" */ = {
			isa = XCConfigurationList;
			buildConfigurations = (
				E1CFFEB72200543F00D90739 /* Debug */,
				E1CFFEB82200543F00D90739 /* Release */,
			);
			defaultConfigurationIsVisible = 0;
			defaultConfigurationName = Release;
		};
/* End XCConfigurationList section */
	};
	rootObject = E1CFFE8E2200543E00D90739 /* Project object */;
}
